
Microsoft Visual Studio Solution File, Format Version 11.00
# Visual Studio 2010
Project("{FAE04EC0-301F-11D3-BF4B-00C04F79EFBC}") = "Muqadam", "Muqadam\Muqadam.csproj", "{2A5795D5-873C-4543-A235-AB9E3E52660D}"
EndProject
Global
	GlobalSection(SolutionConfigurationPlatforms) = preSolution
		Debug|Any CPU = Debug|Any CPU
		Release|Any CPU = Release|Any CPU
	EndGlobalSection
	GlobalSection(ProjectConfigurationPlatforms) = postSolution
		{2A5795D5-873C-4543-A235-AB9E3E52660D}.Debug|Any CPU.ActiveCfg = Debug|Any CPU
		{2A5795D5-873C-4543-A235-AB9E3E52660D}.Debug|Any CPU.Build.0 = Debug|Any CPU
		{2A5795D5-873C-4543-A235-AB9E3E52660D}.Release|Any CPU.ActiveCfg = Release|Any CPU
		{2A5795D5-873C-4543-A235-AB9E3E52660D}.Release|Any CPU.Build.0 = Release|Any CPU
	EndGlobalSection
	GlobalSection(SolutionProperties) = preSolution
		HideSolutionNode = FALSE
	EndGlobalSection
EndGlobal
